// !$*UTF8*$!
{
archiveVersion = 1;
classes = {};
objectVersion = 56;
objects = {
A10000000000000000000001 = {isa = PBXBuildFile; fileRef = A10000000000000000000002; };
A10000000000000000000002 = {isa = PBXFileReference; lastKnownFileType = sourcecode.swift; path = AgriPredictApp.swift; sourceTree = "<group>"; };
A10000000000000000000003 = {isa = PBXFileReference; lastKnownFileType = text.plist.xml; path = Info.plist; sourceTree = "<group>"; };
A10000000000000000000004 = {isa = PBXFileReference; explicitFileType = wrapper.application; path = AgriPredict.app; sourceTree = BUILT_PRODUCTS_DIR; };
A10000000000000000000005 = {isa = PBXGroup; children = (A10000000000000000000006, A10000000000000000000007); sourceTree = "<group>"; };
A10000000000000000000006 = {isa = PBXGroup; children = (A10000000000000000000002, A10000000000000000000003); path = AgriPredict; sourceTree = "<group>"; };
A10000000000000000000007 = {isa = PBXGroup; children = (A10000000000000000000004); name = Products; sourceTree = "<group>"; };
A10000000000000000000008 = {isa = PBXSourcesBuildPhase; buildActionMask = 2147483647; files = (A10000000000000000000001); runOnlyForDeploymentPostprocessing = 0; };
A10000000000000000000009 = {isa = PBXFrameworksBuildPhase; buildActionMask = 2147483647; files = (); runOnlyForDeploymentPostprocessing = 0; };
A1000000000000000000000A = {isa = PBXResourcesBuildPhase; buildActionMask = 2147483647; files = (); runOnlyForDeploymentPostprocessing = 0; };
A1000000000000000000000B = {isa = PBXNativeTarget; buildConfigurationList = A1000000000000000000000C; buildPhases = (A10000000000000000000008, A10000000000000000000009, A1000000000000000000000A); buildRules = (); dependencies = (); name = AgriPredict; productName = AgriPredict; productReference = A10000000000000000000004; productType = "com.apple.product-type.application"; };
A1000000000000000000000D = {isa = PBXProject; attributes = {LastSwiftUpdateCheck = 2600; LastUpgradeCheck = 2600; TargetAttributes = {A1000000000000000000000B = {CreatedOnToolsVersion = 26.0; }; }; }; buildConfigurationList = A1000000000000000000000E; compatibilityVersion = "Xcode 14.0"; developmentRegion = en; hasScannedForEncodings = 0; knownRegions = (en, Base); mainGroup = A10000000000000000000005; productRefGroup = A10000000000000000000007; projectDirPath = ""; projectRoot = ""; targets = (A1000000000000000000000B); };
A1000000000000000000000F = {isa = XCBuildConfiguration; buildSettings = {CLANG_ENABLE_MODULES = YES; SDKROOT = iphoneos; IPHONEOS_DEPLOYMENT_TARGET = 16.0; SWIFT_VERSION = 5.0; }; name = Debug; };
A10000000000000000000010 = {isa = XCBuildConfiguration; buildSettings = {CLANG_ENABLE_MODULES = YES; SDKROOT = iphoneos; IPHONEOS_DEPLOYMENT_TARGET = 16.0; SWIFT_VERSION = 5.0; }; name = Release; };
A10000000000000000000011 = {isa = XCBuildConfiguration; buildSettings = {PRODUCT_BUNDLE_IDENTIFIER = com.agripredict.app; PRODUCT_NAME = "$(TARGET_NAME)"; INFOPLIST_FILE = AgriPredict/Info.plist; CODE_SIGN_STYLE = Automatic; TARGETED_DEVICE_FAMILY = "1,2"; SWIFT_VERSION = 5.0; IPHONEOS_DEPLOYMENT_TARGET = 16.0; }; name = Debug; };
A10000000000000000000012 = {isa = XCBuildConfiguration; buildSettings = {PRODUCT_BUNDLE_IDENTIFIER = com.agripredict.app; PRODUCT_NAME = "$(TARGET_NAME)"; INFOPLIST_FILE = AgriPredict/Info.plist; CODE_SIGN_STYLE = Automatic; TARGETED_DEVICE_FAMILY = "1,2"; SWIFT_VERSION = 5.0; IPHONEOS_DEPLOYMENT_TARGET = 16.0; }; name = Release; };
A1000000000000000000000C = {isa = XCConfigurationList; buildConfigurations = (A10000000000000000000011, A10000000000000000000012); defaultConfigurationIsVisible = 0; defaultConfigurationName = Release; };
A1000000000000000000000E = {isa = XCConfigurationList; buildConfigurations = (A1000000000000000000000F, A10000000000000000000010); defaultConfigurationIsVisible = 0; defaultConfigurationName = Release; };
};
rootObject = A1000000000000000000000D;
}
